// !$*UTF8*$!
{
	archiveVersion = 1;
	classes = {
	};
	objectVersion = 50;
	objects = {

/* Begin PBXBuildFile section */
		A2124D5A23634D6E004C9FEA /* main.swift in Sources */ = {isa = PBXBuildFile; fileRef = A2124D5923634D6E004C9FEA /* main.swift */; };
		A2124D6123634D86004C9FEA /* Filegiaipguongbac2.swift in Sources */ = {isa = PBXBuildFile; fileRef = A2124D6023634D86004C9FEA /* Filegiaipguongbac2.swift */; };
		A2124D63236355A7004C9FEA /* Filekttinhdoixung.swift in Sources */ = {isa = PBXBuildFile; fileRef = A2124D62236355A7004C9FEA /* Filekttinhdoixung.swift */; };
		A2124D65236356F9004C9FEA /* tinhtientacxi.swift in Sources */ = {isa = PBXBuildFile; fileRef = A2124D64236356F9004C9FEA /* tinhtientacxi.swift */; };
		A2124D6723635FE2004C9FEA /* Filetinhtongcacchuso.swift in Sources */ = {isa = PBXBuildFile; fileRef = A2124D6623635FE2004C9FEA /* Filetinhtongcacchuso.swift */; };
/* End PBXBuildFile section */

/* Begin PBXCopyFilesBuildPhase section */
		A2124D5423634D6E004C9FEA /* CopyFiles */ = {
			isa = PBXCopyFilesBuildPhase;
			buildActionMask = 2147483647;
			dstPath = /usr/share/man/man1/;
			dstSubfolderSpec = 0;
			files = (
			);
			runOnlyForDeploymentPostprocessing = 1;
		};
/* End PBXCopyFilesBuildPhase section */

/* Begin PBXFileReference section */
		A2124D5623634D6E004C9FEA /* baitapbuoi6 */ = {isa = PBXFileReference; explicitFileType = "compiled.mach-o.executable"; includeInIndex = 0; path = baitapbuoi6; sourceTree = BUILT_PRODUCTS_DIR; };
		A2124D5923634D6E004C9FEA /* main.swift */ = {isa = PBXFileReference; lastKnownFileType = sourcecode.swift; path = main.swift; sourceTree = "<group>"; };
		A2124D6023634D86004C9FEA /* Filegiaipguongbac2.swift */ = {isa = PBXFileReference; lastKnownFileType = sourcecode.swift; path = Filegiaipguongbac2.swift; sourceTree = "<group>"; };
		A2124D62236355A7004C9FEA /* Filekttinhdoixung.swift */ = {isa = PBXFileReference; lastKnownFileType = sourcecode.swift; path = Filekttinhdoixung.swift; sourceTree = "<group>"; };
		A2124D64236356F9004C9FEA /* tinhtientacxi.swift */ = {isa = PBXFileReference; lastKnownFileType = sourcecode.swift; path = tinhtientacxi.swift; sourceTree = "<group>"; };
		A2124D6623635FE2004C9FEA /* Filetinhtongcacchuso.swift */ = {isa = PBXFileReference; lastKnownFileType = sourcecode.swift; path = Filetinhtongcacchuso.swift; sourceTree = "<group>"; };
/* End PBXFileReference section */

/* Begin PBXFrameworksBuildPhase section */
		A2124D5323634D6E004C9FEA /* Frameworks */ = {
			isa = PBXFrameworksBuildPhase;
			buildActionMask = 2147483647;
			files = (
			);
			runOnlyForDeploymentPostprocessing = 0;
		};
/* End PBXFrameworksBuildPhase section */

/* Begin PBXGroup section */
		A2124D4D23634D6E004C9FEA = {
			isa = PBXGroup;
			children = (
				A2124D5823634D6E004C9FEA /* baitapbuoi6 */,
				A2124D5723634D6E004C9FEA /* Products */,
			);
			sourceTree = "<group>";
		};
		A2124D5723634D6E004C9FEA /* Products */ = {
			isa = PBXGroup;
			children = (
				A2124D5623634D6E004C9FEA /* baitapbuoi6 */,
			);
			name = Products;
			sourceTree = "<group>";
		};
		A2124D5823634D6E004C9FEA /* baitapbuoi6 */ = {
			isa = PBXGroup;
			children = (
				A2124D5923634D6E004C9FEA /* main.swift */,
				A2124D6623635FE2004C9FEA /* Filetinhtongcacchuso.swift */,
				A2124D64236356F9004C9FEA /* tinhtientacxi.swift */,
				A2124D62236355A7004C9FEA /* Filekttinhdoixung.swift */,
				A2124D6023634D86004C9FEA /* Filegiaipguongbac2.swift */,
			);
			path = baitapbuoi6;
			sourceTree = "<group>";
		};
/* End PBXGroup section */

/* Begin PBXNativeTarget section */
		A2124D5523634D6E004C9FEA /* baitapbuoi6 */ = {
			isa = PBXNativeTarget;
			buildConfigurationList = A2124D5D23634D6E004C9FEA /* Build configuration list for PBXNativeTarget "baitapbuoi6" */;
			buildPhases = (
				A2124D5223634D6E004C9FEA /* Sources */,
				A2124D5323634D6E004C9FEA /* Frameworks */,
				A2124D5423634D6E004C9FEA /* CopyFiles */,
			);
			buildRules = (
			);
			dependencies = (
			);
			name = baitapbuoi6;
			productName = baitapbuoi6;
			productReference = A2124D5623634D6E004C9FEA /* baitapbuoi6 */;
			productType = "com.apple.product-type.tool";
		};
/* End PBXNativeTarget section */

/* Begin PBXProject section */
		A2124D4E23634D6E004C9FEA /* Project object */ = {
			isa = PBXProject;
			attributes = {
				LastSwiftUpdateCheck = 1110;
				LastUpgradeCheck = 1110;
				ORGANIZATIONNAME = macshop;
				TargetAttributes = {
					A2124D5523634D6E004C9FEA = {
						CreatedOnToolsVersion = 11.1;
					};
				};
			};
			buildConfigurationList = A2124D5123634D6E004C9FEA /* Build configuration list for PBXProject "baitapbuoi6" */;
			compatibilityVersion = "Xcode 9.3";
			developmentRegion = en;
			hasScannedForEncodings = 0;
			knownRegions = (
				en,
				Base,
			);
			mainGroup = A2124D4D23634D6E004C9FEA;
			productRefGroup = A2124D5723634D6E004C9FEA /* Products */;
			projectDirPath = "";
			projectRoot = "";
			targets = (
				A2124D5523634D6E004C9FEA /* baitapbuoi6 */,
			);
		};
/* End PBXProject section */

/* Begin PBXSourcesBuildPhase section */
		A2124D5223634D6E004C9FEA /* Sources */ = {
			isa = PBXSourcesBuildPhase;
			buildActionMask = 2147483647;
			files = (
				A2124D63236355A7004C9FEA /* Filekttinhdoixung.swift in Sources */,
				A2124D5A23634D6E004C9FEA /* main.swift in Sources */,
				A2124D65236356F9004C9FEA /* tinhtientacxi.swift in Sources */,
				A2124D6123634D86004C9FEA /* Filegiaipguongbac2.swift in Sources */,
				A2124D6723635FE2004C9FEA /* Filetinhtongcacchuso.swift in Sources */,
			);
			runOnlyForDeploymentPostprocessing = 0;
		};
/* End PBXSourcesBuildPhase section */

/* Begin XCBuildConfiguration section */
		A2124D5B23634D6E004C9FEA /* Debug */ = {
			isa = XCBuildConfiguration;
			buildSettings = {
				ALWAYS_SEARCH_USER_PATHS = NO;
				CLANG_ANALYZER_NONNULL = YES;
				CLANG_ANALYZER_NUMBER_OBJECT_CONVERSION = YES_AGGRESSIVE;
				CLANG_CXX_LANGUAGE_STANDARD = "gnu++14";
				CLANG_CXX_LIBRARY = "libc++";
				CLANG_ENABLE_MODULES = YES;
				CLANG_ENABLE_OBJC_ARC = YES;
				CLANG_ENABLE_OBJC_WEAK = YES;
				CLANG_WARN_BLOCK_CAPTURE_AUTORELEASING = YES;
				CLANG_WARN_BOOL_CONVERSION = YES;
				CLANG_WARN_COMMA = YES;
				CLANG_WARN_CONSTANT_CONVERSION = YES;
				CLANG_WARN_DEPRECATED_OBJC_IMPLEMENTATIONS = YES;
				CLANG_WARN_DIRECT_OBJC_ISA_USAGE = YES_ERROR;
				CLANG_WARN_DOCUMENTATION_COMMENTS = YES;
				CLANG_WARN_EMPTY_BODY = YES;
				CLANG_WARN_ENUM_CONVERSION = YES;
				CLANG_WARN_INFINITE_RECURSION = YES;
				CLANG_WARN_INT_CONVERSION = YES;
				CLANG_WARN_NON_LITERAL_NULL_CONVERSION = YES;
				CLANG_WARN_OBJC_IMPLICIT_RETAIN_SELF = YES;
				CLANG_WARN_OBJC_LITERAL_CONVERSION = YES;
				CLANG_WARN_OBJC_ROOT_CLASS = YES_ERROR;
				CLANG_WARN_RANGE_LOOP_ANALYSIS = YES;
				CLANG_WARN_STRICT_PROTOTYPES = YES;
				CLANG_WARN_SUSPICIOUS_MOVE = YES;
				CLANG_WARN_UNGUARDED_AVAILABILITY = YES_AGGRESSIVE;
				CLANG_WARN_UNREACHABLE_CODE = YES;
				CLANG_WARN__DUPLICATE_METHOD_MATCH = YES;
				COPY_PHASE_STRIP = NO;
				DEBUG_INFORMATION_FORMAT = dwarf;
				ENABLE_STRICT_OBJC_MSGSEND = YES;
				ENABLE_TESTABILITY = YES;
				GCC_C_LANGUAGE_STANDARD = gnu11;
				GCC_DYNAMIC_NO_PIC = NO;
				GCC_NO_COMMON_BLOCKS = YES;
				GCC_OPTIMIZATION_LEVEL = 0;
				GCC_PREPROCESSOR_DEFINITIONS = (
					"DEBUG=1",
					"$(inherited)",
				);
				GCC_WARN_64_TO_32_BIT_CONVERSION = YES;
				GCC_WARN_ABOUT_RETURN_TYPE = YES_ERROR;
				GCC_WARN_UNDECLARED_SELECTOR = YES;
				GCC_WARN_UNINITIALIZED_AUTOS = YES_AGGRESSIVE;
				GCC_WARN_UNUSED_FUNCTION = YES;
				GCC_WARN_UNUSED_VARIABLE = YES;
				MACOSX_DEPLOYMENT_TARGET = 10.14;
				MTL_ENABLE_DEBUG_INFO = INCLUDE_SOURCE;
				MTL_FAST_MATH = YES;
				ONLY_ACTIVE_ARCH = YES;
				SDKROOT = macosx;
				SWIFT_ACTIVE_COMPILATION_CONDITIONS = DEBUG;
				SWIFT_OPTIMIZATION_LEVEL = "-Onone";
			};
			name = Debug;
		};
		A2124D5C23634D6E004C9FEA /* Release */ = {
			isa = XCBuildConfiguration;
			buildSettings = {
				ALWAYS_SEARCH_USER_PATHS = NO;
				CLANG_ANALYZER_NONNULL = YES;
				CLANG_ANALYZER_NUMBER_OBJECT_CONVERSION = YES_AGGRESSIVE;
				CLANG_CXX_LANGUAGE_STANDARD = "gnu++14";
				CLANG_CXX_LIBRARY = "libc++";
				CLANG_ENABLE_MODULES = YES;
				CLANG_ENABLE_OBJC_ARC = YES;
				CLANG_ENABLE_OBJC_WEAK = YES;
				CLANG_WARN_BLOCK_CAPTURE_AUTORELEASING = YES;
				CLANG_WARN_BOOL_CONVERSION = YES;
				CLANG_WARN_COMMA = YES;
				CLANG_WARN_CONSTANT_CONVERSION = YES;
				CLANG_WARN_DEPRECATED_OBJC_IMPLEMENTATIONS = YES;
				CLANG_WARN_DIRECT_OBJC_ISA_USAGE = YES_ERROR;
				CLANG_WARN_DOCUMENTATION_COMMENTS = YES;
				CLANG_WARN_EMPTY_BODY = YES;
				CLANG_WARN_ENUM_CONVERSION = YES;
				CLANG_WARN_INFINITE_RECURSION = YES;
				CLANG_WARN_INT_CONVERSION = YES;
				CLANG_WARN_NON_LITERAL_NULL_CONVERSION = YES;
				CLANG_WARN_OBJC_IMPLICIT_RETAIN_SELF = YES;
				CLANG_WARN_OBJC_LITERAL_CONVERSION = YES;
				CLANG_WARN_OBJC_ROOT_CLASS = YES_ERROR;
				CLANG_WARN_RANGE_LOOP_ANALYSIS = YES;
				CLANG_WARN_STRICT_PROTOTYPES = YES;
				CLANG_WARN_SUSPICIOUS_MOVE = YES;
				CLANG_WARN_UNGUARDED_AVAILABILITY = YES_AGGRESSIVE;
				CLANG_WARN_UNREACHABLE_CODE = YES;
				CLANG_WARN__DUPLICATE_METHOD_MATCH = YES;
				COPY_PHASE_STRIP = NO;
				DEBUG_INFORMATION_FORMAT = "dwarf-with-dsym";
				ENABLE_NS_ASSERTIONS = NO;
				ENABLE_STRICT_OBJC_MSGSEND = YES;
				GCC_C_LANGUAGE_STANDARD = gnu11;
				GCC_NO_COMMON_BLOCKS = YES;
				GCC_WARN_64_TO_32_BIT_CONVERSION = YES;
				GCC_WARN_ABOUT_RETURN_TYPE = YES_ERROR;
				GCC_WARN_UNDECLARED_SELECTOR = YES;
				GCC_WARN_UNINITIALIZED_AUTOS = YES_AGGRESSIVE;
				GCC_WARN_UNUSED_FUNCTION = YES;
				GCC_WARN_UNUSED_VARIABLE = YES;
				MACOSX_DEPLOYMENT_TARGET = 10.14;
				MTL_ENABLE_DEBUG_INFO = NO;
				MTL_FAST_MATH = YES;
				SDKROOT = macosx;
				SWIFT_COMPILATION_MODE = wholemodule;
				SWIFT_OPTIMIZATION_LEVEL = "-O";
			};
			name = Release;
		};
		A2124D5E23634D6E004C9FEA /* Debug */ = {
			isa = XCBuildConfiguration;
			buildSettings = {
				CODE_SIGN_STYLE = Automatic;
				PRODUCT_NAME = "$(TARGET_NAME)";
				SWIFT_VERSION = 5.0;
			};
			name = Debug;
		};
		A2124D5F23634D6E004C9FEA /* Release */ = {
			isa = XCBuildConfiguration;
			buildSettings = {
				CODE_SIGN_STYLE = Automatic;
				PRODUCT_NAME = "$(TARGET_NAME)";
				SWIFT_VERSION = 5.0;
			};
			name = Release;
		};
/* End XCBuildConfiguration section */

/* Begin XCConfigurationList section */
		A2124D5123634D6E004C9FEA /* Build configuration list for PBXProject "baitapbuoi6" */ = {
			isa = XCConfigurationList;
			buildConfigurations = (
				A2124D5B23634D6E004C9FEA /* Debug */,
				A2124D5C23634D6E004C9FEA /* Release */,
			);
			defaultConfigurationIsVisible = 0;
			defaultConfigurationName = Release;
		};
		A2124D5D23634D6E004C9FEA /* Build configuration list for PBXNativeTarget "baitapbuoi6" */ = {
			isa = XCConfigurationList;
			buildConfigurations = (
				A2124D5E23634D6E004C9FEA /* Debug */,
				A2124D5F23634D6E004C9FEA /* Release */,
			);
			defaultConfigurationIsVisible = 0;
			defaultConfigurationName = Release;
		};
/* End XCConfigurationList section */
	};
	rootObject = A2124D4E23634D6E004C9FEA /* Project object */;
}
